
Microsoft Visual Studio Solution File, Format Version 9.00
# Visual Studio 2005
Project("{FAE04EC0-301F-11D3-BF4B-00C04F79EFBC}") = "docx_comp", "ConsoleApplication1\docx_comp.csproj", "{B30655F2-7384-4387-83B4-0866B3C6336D}"
EndProject
Global
	GlobalSection(SolutionConfigurationPlatforms) = preSolution
		Debug|Any CPU = Debug|Any CPU
		Release|Any CPU = Release|Any CPU
	EndGlobalSection
	GlobalSection(ProjectConfigurationPlatforms) = postSolution
		{B30655F2-7384-4387-83B4-0866B3C6336D}.Debug|Any CPU.ActiveCfg = Debug|Any CPU
		{B30655F2-7384-4387-83B4-0866B3C6336D}.Debug|Any CPU.Build.0 = Debug|Any CPU
		{B30655F2-7384-4387-83B4-0866B3C6336D}.Release|Any CPU.ActiveCfg = Release|Any CPU
		{B30655F2-7384-4387-83B4-0866B3C6336D}.Release|Any CPU.Build.0 = Release|Any CPU
	EndGlobalSection
	GlobalSection(SolutionProperties) = preSolution
		HideSolutionNode = FALSE
	EndGlobalSection
EndGlobal
